
Microsoft Visual Studio Solution File, Format Version 12.00
# Visual Studio Version 17
VisualStudioVersion = 17.14.36511.14
MinimumVisualStudioVersion = 10.0.40219.1
Project("{FAE04EC0-301F-11D3-BF4B-00C04F79EFBC}") = "DiffusionNexus.Installers", "DiffusionNexus.Installers\DiffusionNexus.Installers.csproj", "{B2EA5E43-43DF-4179-A3B7-83B2000115C1}"
EndProject
Project("{FAE04EC0-301F-11D3-BF4B-00C04F79EFBC}") = "DiffusionNexus.Core.Models", "DiffusionNexus.Core.Models\DiffusionNexus.Core.Models.csproj", "{851F3845-2727-41FF-9822-2875FAFBE0DB}"
EndProject
Project("{FAE04EC0-301F-11D3-BF4B-00C04F79EFBC}") = "DiffusionNexus.Core.Services", "DiffusionNexus.Core.Services\DiffusionNexus.Core.Services.csproj", "{26F914A5-11D7-4F5D-B169-09148560C731}"
EndProject
Global
	GlobalSection(SolutionConfigurationPlatforms) = preSolution
		Debug|Any CPU = Debug|Any CPU
		Release|Any CPU = Release|Any CPU
	EndGlobalSection
	GlobalSection(ProjectConfigurationPlatforms) = postSolution
		{B2EA5E43-43DF-4179-A3B7-83B2000115C1}.Debug|Any CPU.ActiveCfg = Debug|Any CPU
		{B2EA5E43-43DF-4179-A3B7-83B2000115C1}.Debug|Any CPU.Build.0 = Debug|Any CPU
		{B2EA5E43-43DF-4179-A3B7-83B2000115C1}.Release|Any CPU.ActiveCfg = Release|Any CPU
		{B2EA5E43-43DF-4179-A3B7-83B2000115C1}.Release|Any CPU.Build.0 = Release|Any CPU
		{851F3845-2727-41FF-9822-2875FAFBE0DB}.Debug|Any CPU.ActiveCfg = Debug|Any CPU
		{851F3845-2727-41FF-9822-2875FAFBE0DB}.Debug|Any CPU.Build.0 = Debug|Any CPU
		{851F3845-2727-41FF-9822-2875FAFBE0DB}.Release|Any CPU.ActiveCfg = Release|Any CPU
		{851F3845-2727-41FF-9822-2875FAFBE0DB}.Release|Any CPU.Build.0 = Release|Any CPU
		{26F914A5-11D7-4F5D-B169-09148560C731}.Debug|Any CPU.ActiveCfg = Debug|Any CPU
		{26F914A5-11D7-4F5D-B169-09148560C731}.Debug|Any CPU.Build.0 = Debug|Any CPU
		{26F914A5-11D7-4F5D-B169-09148560C731}.Release|Any CPU.ActiveCfg = Release|Any CPU
		{26F914A5-11D7-4F5D-B169-09148560C731}.Release|Any CPU.Build.0 = Release|Any CPU
	EndGlobalSection
	GlobalSection(SolutionProperties) = preSolution
		HideSolutionNode = FALSE
	EndGlobalSection
	GlobalSection(ExtensibilityGlobals) = postSolution
		SolutionGuid = {1346B900-CA74-44F3-A3C9-B287AB68F1D1}
	EndGlobalSection
EndGlobal
